
Microsoft Visual Studio Solution File, Format Version 12.00
# Visual Studio Version 17
VisualStudioVersion = 17.8.34322.80
MinimumVisualStudioVersion = 10.0.40219.1
Project("{FAE04EC0-301F-11D3-BF4B-00C04F79EFBC}") = "KNN", "KNN\KNN.csproj", "{7C83CDF1-ACE2-454C-8D4B-5A1C9D2C8EC6}"
EndProject
Global
	GlobalSection(SolutionConfigurationPlatforms) = preSolution
		Debug|Any CPU = Debug|Any CPU
		Release|Any CPU = Release|Any CPU
	EndGlobalSection
	GlobalSection(ProjectConfigurationPlatforms) = postSolution
		{7C83CDF1-ACE2-454C-8D4B-5A1C9D2C8EC6}.Debug|Any CPU.ActiveCfg = Debug|Any CPU
		{7C83CDF1-ACE2-454C-8D4B-5A1C9D2C8EC6}.Debug|Any CPU.Build.0 = Debug|Any CPU
		{7C83CDF1-ACE2-454C-8D4B-5A1C9D2C8EC6}.Release|Any CPU.ActiveCfg = Release|Any CPU
		{7C83CDF1-ACE2-454C-8D4B-5A1C9D2C8EC6}.Release|Any CPU.Build.0 = Release|Any CPU
	EndGlobalSection
	GlobalSection(SolutionProperties) = preSolution
		HideSolutionNode = FALSE
	EndGlobalSection
	GlobalSection(ExtensibilityGlobals) = postSolution
		SolutionGuid = {3B08197E-E5F2-4716-B325-E01268D07505}
	EndGlobalSection
EndGlobal
